
Microsoft Visual Studio Solution File, Format Version 12.00
# Visual Studio Version 17
VisualStudioVersion = 17.0.31903.59
MinimumVisualStudioVersion = 10.0.40219.1
Project("{FAE04EC0-301F-11D3-BF4B-00C04F79EFBC}") = "task18", "task18\task18.csproj", "{5AA0A21A-6EF2-4E50-9977-AD4C472E237C}"
EndProject
Project("{FAE04EC0-301F-11D3-BF4B-00C04F79EFBC}") = "task18tests", "task18tests\task18tests.csproj", "{98B8B2D1-714D-4B8E-88D3-9D72918A28FE}"
EndProject
Global
	GlobalSection(SolutionConfigurationPlatforms) = preSolution
		Debug|Any CPU = Debug|Any CPU
		Release|Any CPU = Release|Any CPU
	EndGlobalSection
	GlobalSection(SolutionProperties) = preSolution
		HideSolutionNode = FALSE
	EndGlobalSection
	GlobalSection(ProjectConfigurationPlatforms) = postSolution
		{5AA0A21A-6EF2-4E50-9977-AD4C472E237C}.Debug|Any CPU.ActiveCfg = Debug|Any CPU
		{5AA0A21A-6EF2-4E50-9977-AD4C472E237C}.Debug|Any CPU.Build.0 = Debug|Any CPU
		{5AA0A21A-6EF2-4E50-9977-AD4C472E237C}.Release|Any CPU.ActiveCfg = Release|Any CPU
		{5AA0A21A-6EF2-4E50-9977-AD4C472E237C}.Release|Any CPU.Build.0 = Release|Any CPU
		{98B8B2D1-714D-4B8E-88D3-9D72918A28FE}.Debug|Any CPU.ActiveCfg = Debug|Any CPU
		{98B8B2D1-714D-4B8E-88D3-9D72918A28FE}.Debug|Any CPU.Build.0 = Debug|Any CPU
		{98B8B2D1-714D-4B8E-88D3-9D72918A28FE}.Release|Any CPU.ActiveCfg = Release|Any CPU
		{98B8B2D1-714D-4B8E-88D3-9D72918A28FE}.Release|Any CPU.Build.0 = Release|Any CPU
	EndGlobalSection
EndGlobal
